
Microsoft Visual Studio Solution File, Format Version 12.00
# Visual Studio Version 16
VisualStudioVersion = 16.0.29926.136
MinimumVisualStudioVersion = 10.0.40219.1
Project("{FAE04EC0-301F-11D3-BF4B-00C04F79EFBC}") = "NServiceBus.SagaScheduler", "NServiceBus.SagaScheduler\NServiceBus.SagaScheduler.csproj", "{3928095E-0A15-4F8C-BAB3-11CB323C6A78}"
EndProject
Project("{FAE04EC0-301F-11D3-BF4B-00C04F79EFBC}") = "Sender", "Sender\Sender.csproj", "{1C035D1A-F4AA-4068-A46C-FD38AA7448E3}"
EndProject
Project("{FAE04EC0-301F-11D3-BF4B-00C04F79EFBC}") = "Contracts", "Contracts\Contracts.csproj", "{58631223-05C4-4BED-B2AC-7D3EAD05DA59}"
EndProject
Global
	GlobalSection(SolutionConfigurationPlatforms) = preSolution
		Debug|Any CPU = Debug|Any CPU
		Release|Any CPU = Release|Any CPU
	EndGlobalSection
	GlobalSection(ProjectConfigurationPlatforms) = postSolution
		{3928095E-0A15-4F8C-BAB3-11CB323C6A78}.Debug|Any CPU.ActiveCfg = Debug|Any CPU
		{3928095E-0A15-4F8C-BAB3-11CB323C6A78}.Debug|Any CPU.Build.0 = Debug|Any CPU
		{3928095E-0A15-4F8C-BAB3-11CB323C6A78}.Release|Any CPU.ActiveCfg = Release|Any CPU
		{3928095E-0A15-4F8C-BAB3-11CB323C6A78}.Release|Any CPU.Build.0 = Release|Any CPU
		{1C035D1A-F4AA-4068-A46C-FD38AA7448E3}.Debug|Any CPU.ActiveCfg = Debug|Any CPU
		{1C035D1A-F4AA-4068-A46C-FD38AA7448E3}.Debug|Any CPU.Build.0 = Debug|Any CPU
		{1C035D1A-F4AA-4068-A46C-FD38AA7448E3}.Release|Any CPU.ActiveCfg = Release|Any CPU
		{1C035D1A-F4AA-4068-A46C-FD38AA7448E3}.Release|Any CPU.Build.0 = Release|Any CPU
		{58631223-05C4-4BED-B2AC-7D3EAD05DA59}.Debug|Any CPU.ActiveCfg = Debug|Any CPU
		{58631223-05C4-4BED-B2AC-7D3EAD05DA59}.Debug|Any CPU.Build.0 = Debug|Any CPU
		{58631223-05C4-4BED-B2AC-7D3EAD05DA59}.Release|Any CPU.ActiveCfg = Release|Any CPU
		{58631223-05C4-4BED-B2AC-7D3EAD05DA59}.Release|Any CPU.Build.0 = Release|Any CPU
	EndGlobalSection
	GlobalSection(SolutionProperties) = preSolution
		HideSolutionNode = FALSE
	EndGlobalSection
	GlobalSection(ExtensibilityGlobals) = postSolution
		SolutionGuid = {80B731A1-ADEF-4B06-AA7C-56DFB4742BD6}
	EndGlobalSection
EndGlobal
